
Microsoft Visual Studio Solution File, Format Version 12.00
# Visual Studio Version 16
VisualStudioVersion = 16.0.30907.101
MinimumVisualStudioVersion = 10.0.40219.1
Project("{FAE04EC0-301F-11D3-BF4B-00C04F79EFBC}") = "190448J_V2AppSecAssignment", "190448J_V2AppSecAssignment\190448J_V2AppSecAssignment.csproj", "{45793250-7B05-43EA-9FCC-46AC45324378}"
EndProject
Global
	GlobalSection(SolutionConfigurationPlatforms) = preSolution
		Debug|Any CPU = Debug|Any CPU
		Release|Any CPU = Release|Any CPU
	EndGlobalSection
	GlobalSection(ProjectConfigurationPlatforms) = postSolution
		{45793250-7B05-43EA-9FCC-46AC45324378}.Debug|Any CPU.ActiveCfg = Debug|Any CPU
		{45793250-7B05-43EA-9FCC-46AC45324378}.Debug|Any CPU.Build.0 = Debug|Any CPU
		{45793250-7B05-43EA-9FCC-46AC45324378}.Release|Any CPU.ActiveCfg = Release|Any CPU
		{45793250-7B05-43EA-9FCC-46AC45324378}.Release|Any CPU.Build.0 = Release|Any CPU
	EndGlobalSection
	GlobalSection(SolutionProperties) = preSolution
		HideSolutionNode = FALSE
	EndGlobalSection
	GlobalSection(ExtensibilityGlobals) = postSolution
		SolutionGuid = {C93D3584-2DF2-489C-A11F-1E388CBCA718}
	EndGlobalSection
EndGlobal
